
Microsoft Visual Studio Solution File, Format Version 12.00
# Visual Studio Version 17
VisualStudioVersion = 17.2.32630.192
MinimumVisualStudioVersion = 10.0.40219.1
Project("{2150E333-8FDC-42A3-9474-1A3956D46DE8}") = "ProductApi", "ProductApi", "{B48FF99F-0BBD-411E-830C-A560F0E7D979}"
EndProject
Project("{2150E333-8FDC-42A3-9474-1A3956D46DE8}") = "src", "src", "{4429D2BC-8A8A-44D7-81C1-A56683144E8B}"
EndProject
Project("{9A19103F-16F7-4668-BE54-9A1E7A4F7556}") = "Product.Entities", "ProductApi\src\Product.Entities\Product.Entities.csproj", "{3242427F-DC82-427A-9BAA-3E89F0E8DD9D}"
EndProject
Project("{9A19103F-16F7-4668-BE54-9A1E7A4F7556}") = "Product.DataAccess", "ProductApi\src\Product.DataAccess\Product.DataAccess.csproj", "{4CA8FD85-BBD3-49FA-B19B-71BEBFB5C004}"
EndProject
Project("{9A19103F-16F7-4668-BE54-9A1E7A4F7556}") = "Product.HttpApi", "ProductApi\src\Product.HttpApi\Product.HttpApi.csproj", "{74BD3617-0DD4-4705-926C-6BB67C5A0093}"
EndProject
Project("{9A19103F-16F7-4668-BE54-9A1E7A4F7556}") = "Product.Core", "ProductApi\src\Product.core\Product.Core.csproj", "{FEA6DF4A-F268-4703-B563-BE10E9F7254B}"
EndProject
Project("{9A19103F-16F7-4668-BE54-9A1E7A4F7556}") = "Product.Business", "ProductApi\src\Product.Business\Product.Business.csproj", "{ABC8CACE-672E-4D0C-B592-311EDC4CF94A}"
EndProject
Project("{2150E333-8FDC-42A3-9474-1A3956D46DE8}") = "tests", "tests", "{F10319DB-C84C-4B36-B170-33EEA22DAA4B}"
EndProject
Project("{FAE04EC0-301F-11D3-BF4B-00C04F79EFBC}") = "Product.Business.Test", "ProductApi\tests\Product.Business.Test\Product.Business.Test.csproj", "{01352E50-3D24-40FF-8587-54F4DFAA899B}"
EndProject
Project("{2150E333-8FDC-42A3-9474-1A3956D46DE8}") = "StockApi", "StockApi", "{AF002D8D-130B-4382-8148-6CE9EB28C3E2}"
EndProject
Project("{2150E333-8FDC-42A3-9474-1A3956D46DE8}") = "src", "src", "{C106174C-8A67-4CC1-AD9B-44AD3A3982A3}"
EndProject
Project("{FAE04EC0-301F-11D3-BF4B-00C04F79EFBC}") = "Stock.DataAccess", "StockApi\src\Stock.DataAccess\Stock.DataAccess.csproj", "{42C2E6E2-D85F-45FA-BA15-0FF6568F60C1}"
EndProject
Project("{FAE04EC0-301F-11D3-BF4B-00C04F79EFBC}") = "Stock.Entities", "StockApi\src\Stock.Entities\Stock.Entities.csproj", "{493227CF-F05E-4811-AB51-00BA0D251527}"
EndProject
Project("{FAE04EC0-301F-11D3-BF4B-00C04F79EFBC}") = "Stock.Business", "StockApi\src\Stock.Business\Stock.Business.csproj", "{F1DA7006-A1AA-4FDD-9282-F6EFE5C564F8}"
EndProject
Project("{FAE04EC0-301F-11D3-BF4B-00C04F79EFBC}") = "Stock.Core", "StockApi\src\Stock.Core\Stock.Core.csproj", "{489696FC-B51B-40CA-9B02-9E9D658A96AC}"
EndProject
Project("{2150E333-8FDC-42A3-9474-1A3956D46DE8}") = "tests", "tests", "{ECB52A7A-D1A8-467D-B469-54BB5DE86F28}"
EndProject
Project("{FAE04EC0-301F-11D3-BF4B-00C04F79EFBC}") = "Stock.Business.Tests", "StockApi\tests\Stock.Business.Tests\Stock.Business.Tests.csproj", "{50F8CFB6-0603-4E82-A02A-0EEECF0ECAFB}"
EndProject
Project("{FAE04EC0-301F-11D3-BF4B-00C04F79EFBC}") = "Stock.HttpApi", "StockApi\src\Stock.HttpApi\Stock.HttpApi.csproj", "{3C59DE37-EB4A-4CCF-A222-7C72CCBDAD1F}"
EndProject
Global
	GlobalSection(SolutionConfigurationPlatforms) = preSolution
		Debug|Any CPU = Debug|Any CPU
		Debug|x64 = Debug|x64
		Debug|x86 = Debug|x86
		Release|Any CPU = Release|Any CPU
		Release|x64 = Release|x64
		Release|x86 = Release|x86
	EndGlobalSection
	GlobalSection(ProjectConfigurationPlatforms) = postSolution
		{3242427F-DC82-427A-9BAA-3E89F0E8DD9D}.Debug|Any CPU.ActiveCfg = Debug|Any CPU
		{3242427F-DC82-427A-9BAA-3E89F0E8DD9D}.Debug|Any CPU.Build.0 = Debug|Any CPU
		{3242427F-DC82-427A-9BAA-3E89F0E8DD9D}.Debug|x64.ActiveCfg = Debug|Any CPU
		{3242427F-DC82-427A-9BAA-3E89F0E8DD9D}.Debug|x64.Build.0 = Debug|Any CPU
		{3242427F-DC82-427A-9BAA-3E89F0E8DD9D}.Debug|x86.ActiveCfg = Debug|Any CPU
		{3242427F-DC82-427A-9BAA-3E89F0E8DD9D}.Debug|x86.Build.0 = Debug|Any CPU
		{3242427F-DC82-427A-9BAA-3E89F0E8DD9D}.Release|Any CPU.ActiveCfg = Release|Any CPU
		{3242427F-DC82-427A-9BAA-3E89F0E8DD9D}.Release|Any CPU.Build.0 = Release|Any CPU
		{3242427F-DC82-427A-9BAA-3E89F0E8DD9D}.Release|x64.ActiveCfg = Release|Any CPU
		{3242427F-DC82-427A-9BAA-3E89F0E8DD9D}.Release|x64.Build.0 = Release|Any CPU
		{3242427F-DC82-427A-9BAA-3E89F0E8DD9D}.Release|x86.ActiveCfg = Release|Any CPU
		{3242427F-DC82-427A-9BAA-3E89F0E8DD9D}.Release|x86.Build.0 = Release|Any CPU
		{4CA8FD85-BBD3-49FA-B19B-71BEBFB5C004}.Debug|Any CPU.ActiveCfg = Debug|Any CPU
		{4CA8FD85-BBD3-49FA-B19B-71BEBFB5C004}.Debug|Any CPU.Build.0 = Debug|Any CPU
		{4CA8FD85-BBD3-49FA-B19B-71BEBFB5C004}.Debug|x64.ActiveCfg = Debug|Any CPU
		{4CA8FD85-BBD3-49FA-B19B-71BEBFB5C004}.Debug|x64.Build.0 = Debug|Any CPU
		{4CA8FD85-BBD3-49FA-B19B-71BEBFB5C004}.Debug|x86.ActiveCfg = Debug|Any CPU
		{4CA8FD85-BBD3-49FA-B19B-71BEBFB5C004}.Debug|x86.Build.0 = Debug|Any CPU
		{4CA8FD85-BBD3-49FA-B19B-71BEBFB5C004}.Release|Any CPU.ActiveCfg = Release|Any CPU
		{4CA8FD85-BBD3-49FA-B19B-71BEBFB5C004}.Release|Any CPU.Build.0 = Release|Any CPU
		{4CA8FD85-BBD3-49FA-B19B-71BEBFB5C004}.Release|x64.ActiveCfg = Release|Any CPU
		{4CA8FD85-BBD3-49FA-B19B-71BEBFB5C004}.Release|x64.Build.0 = Release|Any CPU
		{4CA8FD85-BBD3-49FA-B19B-71BEBFB5C004}.Release|x86.ActiveCfg = Release|Any CPU
		{4CA8FD85-BBD3-49FA-B19B-71BEBFB5C004}.Release|x86.Build.0 = Release|Any CPU
		{74BD3617-0DD4-4705-926C-6BB67C5A0093}.Debug|Any CPU.ActiveCfg = Debug|Any CPU
		{74BD3617-0DD4-4705-926C-6BB67C5A0093}.Debug|Any CPU.Build.0 = Debug|Any CPU
		{74BD3617-0DD4-4705-926C-6BB67C5A0093}.Debug|x64.ActiveCfg = Debug|Any CPU
		{74BD3617-0DD4-4705-926C-6BB67C5A0093}.Debug|x64.Build.0 = Debug|Any CPU
		{74BD3617-0DD4-4705-926C-6BB67C5A0093}.Debug|x86.ActiveCfg = Debug|Any CPU
		{74BD3617-0DD4-4705-926C-6BB67C5A0093}.Debug|x86.Build.0 = Debug|Any CPU
		{74BD3617-0DD4-4705-926C-6BB67C5A0093}.Release|Any CPU.ActiveCfg = Release|Any CPU
		{74BD3617-0DD4-4705-926C-6BB67C5A0093}.Release|Any CPU.Build.0 = Release|Any CPU
		{74BD3617-0DD4-4705-926C-6BB67C5A0093}.Release|x64.ActiveCfg = Release|Any CPU
		{74BD3617-0DD4-4705-926C-6BB67C5A0093}.Release|x64.Build.0 = Release|Any CPU
		{74BD3617-0DD4-4705-926C-6BB67C5A0093}.Release|x86.ActiveCfg = Release|Any CPU
		{74BD3617-0DD4-4705-926C-6BB67C5A0093}.Release|x86.Build.0 = Release|Any CPU
		{FEA6DF4A-F268-4703-B563-BE10E9F7254B}.Debug|Any CPU.ActiveCfg = Debug|Any CPU
		{FEA6DF4A-F268-4703-B563-BE10E9F7254B}.Debug|Any CPU.Build.0 = Debug|Any CPU
		{FEA6DF4A-F268-4703-B563-BE10E9F7254B}.Debug|x64.ActiveCfg = Debug|Any CPU
		{FEA6DF4A-F268-4703-B563-BE10E9F7254B}.Debug|x64.Build.0 = Debug|Any CPU
		{FEA6DF4A-F268-4703-B563-BE10E9F7254B}.Debug|x86.ActiveCfg = Debug|Any CPU
		{FEA6DF4A-F268-4703-B563-BE10E9F7254B}.Debug|x86.Build.0 = Debug|Any CPU
		{FEA6DF4A-F268-4703-B563-BE10E9F7254B}.Release|Any CPU.ActiveCfg = Release|Any CPU
		{FEA6DF4A-F268-4703-B563-BE10E9F7254B}.Release|Any CPU.Build.0 = Release|Any CPU
		{FEA6DF4A-F268-4703-B563-BE10E9F7254B}.Release|x64.ActiveCfg = Release|Any CPU
		{FEA6DF4A-F268-4703-B563-BE10E9F7254B}.Release|x64.Build.0 = Release|Any CPU
		{FEA6DF4A-F268-4703-B563-BE10E9F7254B}.Release|x86.ActiveCfg = Release|Any CPU
		{FEA6DF4A-F268-4703-B563-BE10E9F7254B}.Release|x86.Build.0 = Release|Any CPU
		{ABC8CACE-672E-4D0C-B592-311EDC4CF94A}.Debug|Any CPU.ActiveCfg = Debug|Any CPU
		{ABC8CACE-672E-4D0C-B592-311EDC4CF94A}.Debug|Any CPU.Build.0 = Debug|Any CPU
		{ABC8CACE-672E-4D0C-B592-311EDC4CF94A}.Debug|x64.ActiveCfg = Debug|Any CPU
		{ABC8CACE-672E-4D0C-B592-311EDC4CF94A}.Debug|x64.Build.0 = Debug|Any CPU
		{ABC8CACE-672E-4D0C-B592-311EDC4CF94A}.Debug|x86.ActiveCfg = Debug|Any CPU
		{ABC8CACE-672E-4D0C-B592-311EDC4CF94A}.Debug|x86.Build.0 = Debug|Any CPU
		{ABC8CACE-672E-4D0C-B592-311EDC4CF94A}.Release|Any CPU.ActiveCfg = Release|Any CPU
		{ABC8CACE-672E-4D0C-B592-311EDC4CF94A}.Release|Any CPU.Build.0 = Release|Any CPU
		{ABC8CACE-672E-4D0C-B592-311EDC4CF94A}.Release|x64.ActiveCfg = Release|Any CPU
		{ABC8CACE-672E-4D0C-B592-311EDC4CF94A}.Release|x64.Build.0 = Release|Any CPU
		{ABC8CACE-672E-4D0C-B592-311EDC4CF94A}.Release|x86.ActiveCfg = Release|Any CPU
		{ABC8CACE-672E-4D0C-B592-311EDC4CF94A}.Release|x86.Build.0 = Release|Any CPU
		{01352E50-3D24-40FF-8587-54F4DFAA899B}.Debug|Any CPU.ActiveCfg = Debug|Any CPU
		{01352E50-3D24-40FF-8587-54F4DFAA899B}.Debug|Any CPU.Build.0 = Debug|Any CPU
		{01352E50-3D24-40FF-8587-54F4DFAA899B}.Debug|x64.ActiveCfg = Debug|Any CPU
		{01352E50-3D24-40FF-8587-54F4DFAA899B}.Debug|x64.Build.0 = Debug|Any CPU
		{01352E50-3D24-40FF-8587-54F4DFAA899B}.Debug|x86.ActiveCfg = Debug|Any CPU
		{01352E50-3D24-40FF-8587-54F4DFAA899B}.Debug|x86.Build.0 = Debug|Any CPU
		{01352E50-3D24-40FF-8587-54F4DFAA899B}.Release|Any CPU.ActiveCfg = Release|Any CPU
		{01352E50-3D24-40FF-8587-54F4DFAA899B}.Release|Any CPU.Build.0 = Release|Any CPU
		{01352E50-3D24-40FF-8587-54F4DFAA899B}.Release|x64.ActiveCfg = Release|Any CPU
		{01352E50-3D24-40FF-8587-54F4DFAA899B}.Release|x64.Build.0 = Release|Any CPU
		{01352E50-3D24-40FF-8587-54F4DFAA899B}.Release|x86.ActiveCfg = Release|Any CPU
		{01352E50-3D24-40FF-8587-54F4DFAA899B}.Release|x86.Build.0 = Release|Any CPU
		{42C2E6E2-D85F-45FA-BA15-0FF6568F60C1}.Debug|Any CPU.ActiveCfg = Debug|Any CPU
		{42C2E6E2-D85F-45FA-BA15-0FF6568F60C1}.Debug|Any CPU.Build.0 = Debug|Any CPU
		{42C2E6E2-D85F-45FA-BA15-0FF6568F60C1}.Debug|x64.ActiveCfg = Debug|Any CPU
		{42C2E6E2-D85F-45FA-BA15-0FF6568F60C1}.Debug|x64.Build.0 = Debug|Any CPU
		{42C2E6E2-D85F-45FA-BA15-0FF6568F60C1}.Debug|x86.ActiveCfg = Debug|Any CPU
		{42C2E6E2-D85F-45FA-BA15-0FF6568F60C1}.Debug|x86.Build.0 = Debug|Any CPU
		{42C2E6E2-D85F-45FA-BA15-0FF6568F60C1}.Release|Any CPU.ActiveCfg = Release|Any CPU
		{42C2E6E2-D85F-45FA-BA15-0FF6568F60C1}.Release|Any CPU.Build.0 = Release|Any CPU
		{42C2E6E2-D85F-45FA-BA15-0FF6568F60C1}.Release|x64.ActiveCfg = Release|Any CPU
		{42C2E6E2-D85F-45FA-BA15-0FF6568F60C1}.Release|x64.Build.0 = Release|Any CPU
		{42C2E6E2-D85F-45FA-BA15-0FF6568F60C1}.Release|x86.ActiveCfg = Release|Any CPU
		{42C2E6E2-D85F-45FA-BA15-0FF6568F60C1}.Release|x86.Build.0 = Release|Any CPU
		{493227CF-F05E-4811-AB51-00BA0D251527}.Debug|Any CPU.ActiveCfg = Debug|Any CPU
		{493227CF-F05E-4811-AB51-00BA0D251527}.Debug|Any CPU.Build.0 = Debug|Any CPU
		{493227CF-F05E-4811-AB51-00BA0D251527}.Debug|x64.ActiveCfg = Debug|Any CPU
		{493227CF-F05E-4811-AB51-00BA0D251527}.Debug|x64.Build.0 = Debug|Any CPU
		{493227CF-F05E-4811-AB51-00BA0D251527}.Debug|x86.ActiveCfg = Debug|Any CPU
		{493227CF-F05E-4811-AB51-00BA0D251527}.Debug|x86.Build.0 = Debug|Any CPU
		{493227CF-F05E-4811-AB51-00BA0D251527}.Release|Any CPU.ActiveCfg = Release|Any CPU
		{493227CF-F05E-4811-AB51-00BA0D251527}.Release|Any CPU.Build.0 = Release|Any CPU
		{493227CF-F05E-4811-AB51-00BA0D251527}.Release|x64.ActiveCfg = Release|Any CPU
		{493227CF-F05E-4811-AB51-00BA0D251527}.Release|x64.Build.0 = Release|Any CPU
		{493227CF-F05E-4811-AB51-00BA0D251527}.Release|x86.ActiveCfg = Release|Any CPU
		{493227CF-F05E-4811-AB51-00BA0D251527}.Release|x86.Build.0 = Release|Any CPU
		{F1DA7006-A1AA-4FDD-9282-F6EFE5C564F8}.Debug|Any CPU.ActiveCfg = Debug|Any CPU
		{F1DA7006-A1AA-4FDD-9282-F6EFE5C564F8}.Debug|Any CPU.Build.0 = Debug|Any CPU
		{F1DA7006-A1AA-4FDD-9282-F6EFE5C564F8}.Debug|x64.ActiveCfg = Debug|Any CPU
		{F1DA7006-A1AA-4FDD-9282-F6EFE5C564F8}.Debug|x64.Build.0 = Debug|Any CPU
		{F1DA7006-A1AA-4FDD-9282-F6EFE5C564F8}.Debug|x86.ActiveCfg = Debug|Any CPU
		{F1DA7006-A1AA-4FDD-9282-F6EFE5C564F8}.Debug|x86.Build.0 = Debug|Any CPU
		{F1DA7006-A1AA-4FDD-9282-F6EFE5C564F8}.Release|Any CPU.ActiveCfg = Release|Any CPU
		{F1DA7006-A1AA-4FDD-9282-F6EFE5C564F8}.Release|Any CPU.Build.0 = Release|Any CPU
		{F1DA7006-A1AA-4FDD-9282-F6EFE5C564F8}.Release|x64.ActiveCfg = Release|Any CPU
		{F1DA7006-A1AA-4FDD-9282-F6EFE5C564F8}.Release|x64.Build.0 = Release|Any CPU
		{F1DA7006-A1AA-4FDD-9282-F6EFE5C564F8}.Release|x86.ActiveCfg = Release|Any CPU
		{F1DA7006-A1AA-4FDD-9282-F6EFE5C564F8}.Release|x86.Build.0 = Release|Any CPU
		{489696FC-B51B-40CA-9B02-9E9D658A96AC}.Debug|Any CPU.ActiveCfg = Debug|Any CPU
		{489696FC-B51B-40CA-9B02-9E9D658A96AC}.Debug|Any CPU.Build.0 = Debug|Any CPU
		{489696FC-B51B-40CA-9B02-9E9D658A96AC}.Debug|x64.ActiveCfg = Debug|Any CPU
		{489696FC-B51B-40CA-9B02-9E9D658A96AC}.Debug|x64.Build.0 = Debug|Any CPU
		{489696FC-B51B-40CA-9B02-9E9D658A96AC}.Debug|x86.ActiveCfg = Debug|Any CPU
		{489696FC-B51B-40CA-9B02-9E9D658A96AC}.Debug|x86.Build.0 = Debug|Any CPU
		{489696FC-B51B-40CA-9B02-9E9D658A96AC}.Release|Any CPU.ActiveCfg = Release|Any CPU
		{489696FC-B51B-40CA-9B02-9E9D658A96AC}.Release|Any CPU.Build.0 = Release|Any CPU
		{489696FC-B51B-40CA-9B02-9E9D658A96AC}.Release|x64.ActiveCfg = Release|Any CPU
		{489696FC-B51B-40CA-9B02-9E9D658A96AC}.Release|x64.Build.0 = Release|Any CPU
		{489696FC-B51B-40CA-9B02-9E9D658A96AC}.Release|x86.ActiveCfg = Release|Any CPU
		{489696FC-B51B-40CA-9B02-9E9D658A96AC}.Release|x86.Build.0 = Release|Any CPU
		{50F8CFB6-0603-4E82-A02A-0EEECF0ECAFB}.Debug|Any CPU.ActiveCfg = Debug|Any CPU
		{50F8CFB6-0603-4E82-A02A-0EEECF0ECAFB}.Debug|Any CPU.Build.0 = Debug|Any CPU
		{50F8CFB6-0603-4E82-A02A-0EEECF0ECAFB}.Debug|x64.ActiveCfg = Debug|Any CPU
		{50F8CFB6-0603-4E82-A02A-0EEECF0ECAFB}.Debug|x64.Build.0 = Debug|Any CPU
		{50F8CFB6-0603-4E82-A02A-0EEECF0ECAFB}.Debug|x86.ActiveCfg = Debug|Any CPU
		{50F8CFB6-0603-4E82-A02A-0EEECF0ECAFB}.Debug|x86.Build.0 = Debug|Any CPU
		{50F8CFB6-0603-4E82-A02A-0EEECF0ECAFB}.Release|Any CPU.ActiveCfg = Release|Any CPU
		{50F8CFB6-0603-4E82-A02A-0EEECF0ECAFB}.Release|Any CPU.Build.0 = Release|Any CPU
		{50F8CFB6-0603-4E82-A02A-0EEECF0ECAFB}.Release|x64.ActiveCfg = Release|Any CPU
		{50F8CFB6-0603-4E82-A02A-0EEECF0ECAFB}.Release|x64.Build.0 = Release|Any CPU
		{50F8CFB6-0603-4E82-A02A-0EEECF0ECAFB}.Release|x86.ActiveCfg = Release|Any CPU
		{50F8CFB6-0603-4E82-A02A-0EEECF0ECAFB}.Release|x86.Build.0 = Release|Any CPU
		{3C59DE37-EB4A-4CCF-A222-7C72CCBDAD1F}.Debug|Any CPU.ActiveCfg = Debug|Any CPU
		{3C59DE37-EB4A-4CCF-A222-7C72CCBDAD1F}.Debug|Any CPU.Build.0 = Debug|Any CPU
		{3C59DE37-EB4A-4CCF-A222-7C72CCBDAD1F}.Debug|x64.ActiveCfg = Debug|Any CPU
		{3C59DE37-EB4A-4CCF-A222-7C72CCBDAD1F}.Debug|x64.Build.0 = Debug|Any CPU
		{3C59DE37-EB4A-4CCF-A222-7C72CCBDAD1F}.Debug|x86.ActiveCfg = Debug|Any CPU
		{3C59DE37-EB4A-4CCF-A222-7C72CCBDAD1F}.Debug|x86.Build.0 = Debug|Any CPU
		{3C59DE37-EB4A-4CCF-A222-7C72CCBDAD1F}.Release|Any CPU.ActiveCfg = Release|Any CPU
		{3C59DE37-EB4A-4CCF-A222-7C72CCBDAD1F}.Release|Any CPU.Build.0 = Release|Any CPU
		{3C59DE37-EB4A-4CCF-A222-7C72CCBDAD1F}.Release|x64.ActiveCfg = Release|Any CPU
		{3C59DE37-EB4A-4CCF-A222-7C72CCBDAD1F}.Release|x64.Build.0 = Release|Any CPU
		{3C59DE37-EB4A-4CCF-A222-7C72CCBDAD1F}.Release|x86.ActiveCfg = Release|Any CPU
		{3C59DE37-EB4A-4CCF-A222-7C72CCBDAD1F}.Release|x86.Build.0 = Release|Any CPU
	EndGlobalSection
	GlobalSection(SolutionProperties) = preSolution
		HideSolutionNode = FALSE
	EndGlobalSection
	GlobalSection(NestedProjects) = preSolution
		{4429D2BC-8A8A-44D7-81C1-A56683144E8B} = {B48FF99F-0BBD-411E-830C-A560F0E7D979}
		{3242427F-DC82-427A-9BAA-3E89F0E8DD9D} = {4429D2BC-8A8A-44D7-81C1-A56683144E8B}
		{4CA8FD85-BBD3-49FA-B19B-71BEBFB5C004} = {4429D2BC-8A8A-44D7-81C1-A56683144E8B}
		{74BD3617-0DD4-4705-926C-6BB67C5A0093} = {4429D2BC-8A8A-44D7-81C1-A56683144E8B}
		{FEA6DF4A-F268-4703-B563-BE10E9F7254B} = {4429D2BC-8A8A-44D7-81C1-A56683144E8B}
		{ABC8CACE-672E-4D0C-B592-311EDC4CF94A} = {4429D2BC-8A8A-44D7-81C1-A56683144E8B}
		{F10319DB-C84C-4B36-B170-33EEA22DAA4B} = {B48FF99F-0BBD-411E-830C-A560F0E7D979}
		{01352E50-3D24-40FF-8587-54F4DFAA899B} = {F10319DB-C84C-4B36-B170-33EEA22DAA4B}
		{C106174C-8A67-4CC1-AD9B-44AD3A3982A3} = {AF002D8D-130B-4382-8148-6CE9EB28C3E2}
		{42C2E6E2-D85F-45FA-BA15-0FF6568F60C1} = {C106174C-8A67-4CC1-AD9B-44AD3A3982A3}
		{493227CF-F05E-4811-AB51-00BA0D251527} = {C106174C-8A67-4CC1-AD9B-44AD3A3982A3}
		{F1DA7006-A1AA-4FDD-9282-F6EFE5C564F8} = {C106174C-8A67-4CC1-AD9B-44AD3A3982A3}
		{489696FC-B51B-40CA-9B02-9E9D658A96AC} = {C106174C-8A67-4CC1-AD9B-44AD3A3982A3}
		{ECB52A7A-D1A8-467D-B469-54BB5DE86F28} = {AF002D8D-130B-4382-8148-6CE9EB28C3E2}
		{50F8CFB6-0603-4E82-A02A-0EEECF0ECAFB} = {ECB52A7A-D1A8-467D-B469-54BB5DE86F28}
		{3C59DE37-EB4A-4CCF-A222-7C72CCBDAD1F} = {C106174C-8A67-4CC1-AD9B-44AD3A3982A3}
	EndGlobalSection
	GlobalSection(ExtensibilityGlobals) = postSolution
		SolutionGuid = {44E88A58-7B84-47F9-AC3D-91DD68FEBACB}
	EndGlobalSection
EndGlobal
